// !$*UTF8*$!
{
	archiveVersion = 1;
	classes = {
	};
	objectVersion = 46;
	objects = {

/* Begin PBXBuildFile section */
		AAAC25FB1F6E56DF00B2A169 /* HelloPods.h in Headers */ = {isa = PBXBuildFile; fileRef = AAAC25F91F6E56DF00B2A169 /* HelloPods.h */; settings = {ATTRIBUTES = (Public, ); }; };
		AAAC260B1F6F96DE00B2A169 /* Stuff.h in Headers */ = {isa = PBXBuildFile; fileRef = AAAC26091F6F96DE00B2A169 /* Stuff.h */; };
		AAAC260C1F6F96DE00B2A169 /* Stuff.m in Sources */ = {isa = PBXBuildFile; fileRef = AAAC260A1F6F96DE00B2A169 /* Stuff.m */; };
/* End PBXBuildFile section */

/* Begin PBXFileReference section */
		AAAC25F61F6E56DF00B2A169 /* HelloPods.framework */ = {isa = PBXFileReference; explicitFileType = wrapper.framework; includeInIndex = 0; path = HelloPods.framework; sourceTree = BUILT_PRODUCTS_DIR; };
		AAAC25F91F6E56DF00B2A169 /* HelloPods.h */ = {isa = PBXFileReference; lastKnownFileType = sourcecode.c.h; path = HelloPods.h; sourceTree = "<group>"; };
		AAAC25FA1F6E56DF00B2A169 /* Info.plist */ = {isa = PBXFileReference; lastKnownFileType = text.plist.xml; path = Info.plist; sourceTree = "<group>"; };
		AAAC26091F6F96DE00B2A169 /* Stuff.h */ = {isa = PBXFileReference; fileEncoding = 4; lastKnownFileType = sourcecode.c.h; path = Stuff.h; sourceTree = "<group>"; };
		AAAC260A1F6F96DE00B2A169 /* Stuff.m */ = {isa = PBXFileReference; fileEncoding = 4; lastKnownFileType = sourcecode.c.objc; path = Stuff.m; sourceTree = "<group>"; };
/* End PBXFileReference section */

/* Begin PBXFrameworksBuildPhase section */
		AAAC25F21F6E56DF00B2A169 /* Frameworks */ = {
			isa = PBXFrameworksBuildPhase;
			buildActionMask = 2147483647;
			files = (
			);
			runOnlyForDeploymentPostprocessing = 0;
		};
/* End PBXFrameworksBuildPhase section */

/* Begin PBXGroup section */
		AAAC25EC1F6E56DF00B2A169 = {
			isa = PBXGroup;
			children = (
				AAAC25F81F6E56DF00B2A169 /* HelloPods */,
				AAAC25F71F6E56DF00B2A169 /* Products */,
			);
			sourceTree = "<group>";
		};
		AAAC25F71F6E56DF00B2A169 /* Products */ = {
			isa = PBXGroup;
			children = (
				AAAC25F61F6E56DF00B2A169 /* HelloPods.framework */,
			);
			name = Products;
			sourceTree = "<group>";
		};
		AAAC25F81F6E56DF00B2A169 /* HelloPods */ = {
			isa = PBXGroup;
			children = (
				AAAC26081F6F96B000B2A169 /* Classes */,
				AAAC25F91F6E56DF00B2A169 /* HelloPods.h */,
				AAAC25FA1F6E56DF00B2A169 /* Info.plist */,
			);
			path = HelloPods;
			sourceTree = "<group>";
		};
		AAAC26081F6F96B000B2A169 /* Classes */ = {
			isa = PBXGroup;
			children = (
				AAAC26091F6F96DE00B2A169 /* Stuff.h */,
				AAAC260A1F6F96DE00B2A169 /* Stuff.m */,
			);
			path = Classes;
			sourceTree = "<group>";
		};
/* End PBXGroup section */

/* Begin PBXHeadersBuildPhase section */
		AAAC25F31F6E56DF00B2A169 /* Headers */ = {
			isa = PBXHeadersBuildPhase;
			buildActionMask = 2147483647;
			files = (
				AAAC25FB1F6E56DF00B2A169 /* HelloPods.h in Headers */,
				AAAC260B1F6F96DE00B2A169 /* Stuff.h in Headers */,
			);
			runOnlyForDeploymentPostprocessing = 0;
		};
/* End PBXHeadersBuildPhase section */

/* Begin PBXNativeTarget section */
		AAAC25F51F6E56DF00B2A169 /* HelloPods */ = {
			isa = PBXNativeTarget;
			buildConfigurationList = AAAC25FE1F6E56DF00B2A169 /* Build configuration list for PBXNativeTarget "HelloPods" */;
			buildPhases = (
				AAAC25F11F6E56DF00B2A169 /* Sources */,
				AAAC25F21F6E56DF00B2A169 /* Frameworks */,
				AAAC25F31F6E56DF00B2A169 /* Headers */,
				AAAC25F41F6E56DF00B2A169 /* Resources */,
			);
			buildRules = (
			);
			dependencies = (
			);
			name = HelloPods;
			productName = HelloPods;
			productReference = AAAC25F61F6E56DF00B2A169 /* HelloPods.framework */;
			productType = "com.apple.product-type.framework";
		};
/* End PBXNativeTarget section */

/* Begin PBXProject section */
		AAAC25ED1F6E56DF00B2A169 /* Project object */ = {
			isa = PBXProject;
			attributes = {
				LastUpgradeCheck = 0830;
				ORGANIZATIONNAME = sujian;
				TargetAttributes = {
					AAAC25F51F6E56DF00B2A169 = {
						CreatedOnToolsVersion = 8.3.2;
						DevelopmentTeam = 3B2WCPZDT3;
						ProvisioningStyle = Automatic;
					};
				};
			};
			buildConfigurationList = AAAC25F01F6E56DF00B2A169 /* Build configuration list for PBXProject "HelloPods" */;
			compatibilityVersion = "Xcode 3.2";
			developmentRegion = English;
			hasScannedForEncodings = 0;
			knownRegions = (
				en,
			);
			mainGroup = AAAC25EC1F6E56DF00B2A169;
			productRefGroup = AAAC25F71F6E56DF00B2A169 /* Products */;
			projectDirPath = "";
			projectRoot = "";
			targets = (
				AAAC25F51F6E56DF00B2A169 /* HelloPods */,
			);
		};
/* End PBXProject section */

/* Begin PBXResourcesBuildPhase section */
		AAAC25F41F6E56DF00B2A169 /* Resources */ = {
			isa = PBXResourcesBuildPhase;
			buildActionMask = 2147483647;
			files = (
			);
			runOnlyForDeploymentPostprocessing = 0;
		};
/* End PBXResourcesBuildPhase section */

/* Begin PBXSourcesBuildPhase section */
		AAAC25F11F6E56DF00B2A169 /* Sources */ = {
			isa = PBXSourcesBuildPhase;
			buildActionMask = 2147483647;
			files = (
				AAAC260C1F6F96DE00B2A169 /* Stuff.m in Sources */,
			);
			runOnlyForDeploymentPostprocessing = 0;
		};
/* End PBXSourcesBuildPhase section */

/* Begin XCBuildConfiguration section */
		AAAC25FC1F6E56DF00B2A169 /* Debug */ = {
			isa = XCBuildConfiguration;
			buildSettings = {
				ALWAYS_SEARCH_USER_PATHS = NO;
				CLANG_ANALYZER_NONNULL = YES;
				CLANG_ANALYZER_NUMBER_OBJECT_CONVERSION = YES_AGGRESSIVE;
				CLANG_CXX_LANGUAGE_STANDARD = "gnu++0x";
				CLANG_CXX_LIBRARY = "libc++";
				CLANG_ENABLE_MODULES = YES;
				CLANG_ENABLE_OBJC_ARC = YES;
				CLANG_WARN_BOOL_CONVERSION = YES;
				CLANG_WARN_CONSTANT_CONVERSION = YES;
				CLANG_WARN_DIRECT_OBJC_ISA_USAGE = YES_ERROR;
				CLANG_WARN_DOCUMENTATION_COMMENTS = YES;
				CLANG_WARN_EMPTY_BODY = YES;
				CLANG_WARN_ENUM_CONVERSION = YES;
				CLANG_WARN_INFINITE_RECURSION = YES;
				CLANG_WARN_INT_CONVERSION = YES;
				CLANG_WARN_OBJC_ROOT_CLASS = YES_ERROR;
				CLANG_WARN_SUSPICIOUS_MOVE = YES;
				CLANG_WARN_UNREACHABLE_CODE = YES;
				CLANG_WARN__DUPLICATE_METHOD_MATCH = YES;
				"CODE_SIGN_IDENTITY[sdk=iphoneos*]" = "iPhone Developer";
				COPY_PHASE_STRIP = NO;
				CURRENT_PROJECT_VERSION = 1;
				DEBUG_INFORMATION_FORMAT = dwarf;
				ENABLE_STRICT_OBJC_MSGSEND = YES;
				ENABLE_TESTABILITY = YES;
				GCC_C_LANGUAGE_STANDARD = gnu99;
				GCC_DYNAMIC_NO_PIC = NO;
				GCC_NO_COMMON_BLOCKS = YES;
				GCC_OPTIMIZATION_LEVEL = 0;
				GCC_PREPROCESSOR_DEFINITIONS = (
					"DEBUG=1",
					"$(inherited)",
				);
				GCC_WARN_64_TO_32_BIT_CONVERSION = YES;
				GCC_WARN_ABOUT_RETURN_TYPE = YES_ERROR;
				GCC_WARN_UNDECLARED_SELECTOR = YES;
				GCC_WARN_UNINITIALIZED_AUTOS = YES_AGGRESSIVE;
				GCC_WARN_UNUSED_FUNCTION = YES;
				GCC_WARN_UNUSED_VARIABLE = YES;
				IPHONEOS_DEPLOYMENT_TARGET = 10.3;
				MTL_ENABLE_DEBUG_INFO = YES;
				ONLY_ACTIVE_ARCH = YES;
				SDKROOT = iphoneos;
				TARGETED_DEVICE_FAMILY = "1,2";
				VERSIONING_SYSTEM = "apple-generic";
				VERSION_INFO_PREFIX = "";
			};
			name = Debug;
		};
		AAAC25FD1F6E56DF00B2A169 /* Release */ = {
			isa = XCBuildConfiguration;
			buildSettings = {
				ALWAYS_SEARCH_USER_PATHS = NO;
				CLANG_ANALYZER_NONNULL = YES;
				CLANG_ANALYZER_NUMBER_OBJECT_CONVERSION = YES_AGGRESSIVE;
				CLANG_CXX_LANGUAGE_STANDARD = "gnu++0x";
				CLANG_CXX_LIBRARY = "libc++";
				CLANG_ENABLE_MODULES = YES;
				CLANG_ENABLE_OBJC_ARC = YES;
				CLANG_WARN_BOOL_CONVERSION = YES;
				CLANG_WARN_CONSTANT_CONVERSION = YES;
				CLANG_WARN_DIRECT_OBJC_ISA_USAGE = YES_ERROR;
				CLANG_WARN_DOCUMENTATION_COMMENTS = YES;
				CLANG_WARN_EMPTY_BODY = YES;
				CLANG_WARN_ENUM_CONVERSION = YES;
				CLANG_WARN_INFINITE_RECURSION = YES;
				CLANG_WARN_INT_CONVERSION = YES;
				CLANG_WARN_OBJC_ROOT_CLASS = YES_ERROR;
				CLANG_WARN_SUSPICIOUS_MOVE = YES;
				CLANG_WARN_UNREACHABLE_CODE = YES;
				CLANG_WARN__DUPLICATE_METHOD_MATCH = YES;
				"CODE_SIGN_IDENTITY[sdk=iphoneos*]" = "iPhone Developer";
				COPY_PHASE_STRIP = NO;
				CURRENT_PROJECT_VERSION = 1;
				DEBUG_INFORMATION_FORMAT = "dwarf-with-dsym";
				ENABLE_NS_ASSERTIONS = NO;
				ENABLE_STRICT_OBJC_MSGSEND = YES;
				GCC_C_LANGUAGE_STANDARD = gnu99;
				GCC_NO_COMMON_BLOCKS = YES;
				GCC_WARN_64_TO_32_BIT_CONVERSION = YES;
				GCC_WARN_ABOUT_RETURN_TYPE = YES_ERROR;
				GCC_WARN_UNDECLARED_SELECTOR = YES;
				GCC_WARN_UNINITIALIZED_AUTOS = YES_AGGRESSIVE;
				GCC_WARN_UNUSED_FUNCTION = YES;
				GCC_WARN_UNUSED_VARIABLE = YES;
				IPHONEOS_DEPLOYMENT_TARGET = 10.3;
				MTL_ENABLE_DEBUG_INFO = NO;
				SDKROOT = iphoneos;
				TARGETED_DEVICE_FAMILY = "1,2";
				VALIDATE_PRODUCT = YES;
				VERSIONING_SYSTEM = "apple-generic";
				VERSION_INFO_PREFIX = "";
			};
			name = Release;
		};
		AAAC25FF1F6E56DF00B2A169 /* Debug */ = {
			isa = XCBuildConfiguration;
			buildSettings = {
				CODE_SIGN_IDENTITY = "";
				DEFINES_MODULE = YES;
				DEVELOPMENT_TEAM = 3B2WCPZDT3;
				DYLIB_COMPATIBILITY_VERSION = 1;
				DYLIB_CURRENT_VERSION = 1;
				DYLIB_INSTALL_NAME_BASE = "@rpath";
				INFOPLIST_FILE = HelloPods/Info.plist;
				INSTALL_PATH = "$(LOCAL_LIBRARY_DIR)/Frameworks";
				LD_RUNPATH_SEARCH_PATHS = "$(inherited) @executable_path/Frameworks @loader_path/Frameworks";
				PRODUCT_BUNDLE_IDENTIFIER = August.HelloPods;
				PRODUCT_NAME = "$(TARGET_NAME)";
				SKIP_INSTALL = YES;
			};
			name = Debug;
		};
		AAAC26001F6E56DF00B2A169 /* Release */ = {
			isa = XCBuildConfiguration;
			buildSettings = {
				CODE_SIGN_IDENTITY = "";
				DEFINES_MODULE = YES;
				DEVELOPMENT_TEAM = 3B2WCPZDT3;
				DYLIB_COMPATIBILITY_VERSION = 1;
				DYLIB_CURRENT_VERSION = 1;
				DYLIB_INSTALL_NAME_BASE = "@rpath";
				INFOPLIST_FILE = HelloPods/Info.plist;
				INSTALL_PATH = "$(LOCAL_LIBRARY_DIR)/Frameworks";
				LD_RUNPATH_SEARCH_PATHS = "$(inherited) @executable_path/Frameworks @loader_path/Frameworks";
				PRODUCT_BUNDLE_IDENTIFIER = August.HelloPods;
				PRODUCT_NAME = "$(TARGET_NAME)";
				SKIP_INSTALL = YES;
			};
			name = Release;
		};
/* End XCBuildConfiguration section */

/* Begin XCConfigurationList section */
		AAAC25F01F6E56DF00B2A169 /* Build configuration list for PBXProject "HelloPods" */ = {
			isa = XCConfigurationList;
			buildConfigurations = (
				AAAC25FC1F6E56DF00B2A169 /* Debug */,
				AAAC25FD1F6E56DF00B2A169 /* Release */,
			);
			defaultConfigurationIsVisible = 0;
			defaultConfigurationName = Release;
		};
		AAAC25FE1F6E56DF00B2A169 /* Build configuration list for PBXNativeTarget "HelloPods" */ = {
			isa = XCConfigurationList;
			buildConfigurations = (
				AAAC25FF1F6E56DF00B2A169 /* Debug */,
				AAAC26001F6E56DF00B2A169 /* Release */,
			);
			defaultConfigurationIsVisible = 0;
		};
/* End XCConfigurationList section */
	};
	rootObject = AAAC25ED1F6E56DF00B2A169 /* Project object */;
}
